
Microsoft Visual Studio Solution File, Format Version 12.00
Project("{FAE04EC0-301F-11D3-BF4B-00C04F79EFBC}") = "TDeboutte.Common.ServiceResult", "TDeboutte.Common.ServiceResult\TDeboutte.Common.ServiceResult.csproj", "{912F11ED-0E7C-47D9-BFDE-9622F10CB7D6}"
EndProject
Project("{FAE04EC0-301F-11D3-BF4B-00C04F79EFBC}") = "TDeboutte.Common.ServiceResult.AspNetCore", "TDeboutte.Common.ServiceResult.AspNetCore\TDeboutte.Common.ServiceResult.AspNetCore.csproj", "{9D48F722-BE63-413A-8B3E-A48A42B75B0C}"
EndProject
Global
	GlobalSection(SolutionConfigurationPlatforms) = preSolution
		Debug|Any CPU = Debug|Any CPU
		Release|Any CPU = Release|Any CPU
	EndGlobalSection
	GlobalSection(ProjectConfigurationPlatforms) = postSolution
		{912F11ED-0E7C-47D9-BFDE-9622F10CB7D6}.Debug|Any CPU.ActiveCfg = Debug|Any CPU
		{912F11ED-0E7C-47D9-BFDE-9622F10CB7D6}.Debug|Any CPU.Build.0 = Debug|Any CPU
		{912F11ED-0E7C-47D9-BFDE-9622F10CB7D6}.Release|Any CPU.ActiveCfg = Release|Any CPU
		{912F11ED-0E7C-47D9-BFDE-9622F10CB7D6}.Release|Any CPU.Build.0 = Release|Any CPU
		{9D48F722-BE63-413A-8B3E-A48A42B75B0C}.Debug|Any CPU.ActiveCfg = Debug|Any CPU
		{9D48F722-BE63-413A-8B3E-A48A42B75B0C}.Debug|Any CPU.Build.0 = Debug|Any CPU
		{9D48F722-BE63-413A-8B3E-A48A42B75B0C}.Release|Any CPU.ActiveCfg = Release|Any CPU
		{9D48F722-BE63-413A-8B3E-A48A42B75B0C}.Release|Any CPU.Build.0 = Release|Any CPU
	EndGlobalSection
EndGlobal
